
Microsoft Visual Studio Solution File, Format Version 12.00
# Visual Studio Version 16
VisualStudioVersion = 16.0.31112.23
MinimumVisualStudioVersion = 10.0.40219.1
Project("{FAE04EC0-301F-11D3-BF4B-00C04F79EFBC}") = "QLTV", "QLTV\QLTV.csproj", "{778476E4-BC0E-4851-BF18-FE75896B846E}"
EndProject
Global
	GlobalSection(SolutionConfigurationPlatforms) = preSolution
		Debug|Any CPU = Debug|Any CPU
		Release|Any CPU = Release|Any CPU
	EndGlobalSection
	GlobalSection(ProjectConfigurationPlatforms) = postSolution
		{778476E4-BC0E-4851-BF18-FE75896B846E}.Debug|Any CPU.ActiveCfg = Debug|Any CPU
		{778476E4-BC0E-4851-BF18-FE75896B846E}.Debug|Any CPU.Build.0 = Debug|Any CPU
		{778476E4-BC0E-4851-BF18-FE75896B846E}.Release|Any CPU.ActiveCfg = Release|Any CPU
		{778476E4-BC0E-4851-BF18-FE75896B846E}.Release|Any CPU.Build.0 = Release|Any CPU
	EndGlobalSection
	GlobalSection(SolutionProperties) = preSolution
		HideSolutionNode = FALSE
	EndGlobalSection
	GlobalSection(ExtensibilityGlobals) = postSolution
		SolutionGuid = {0A7A3C47-6BF1-44D2-B8F2-C284B06B9E30}
	EndGlobalSection
EndGlobal
